
Microsoft Visual Studio Solution File, Format Version 12.00
# Visual Studio Version 17
VisualStudioVersion = 17.6.33815.320
MinimumVisualStudioVersion = 10.0.40219.1
Project("{9A19103F-16F7-4668-BE54-9A1E7A4F7556}") = "Gestions des Titres de Transport", "Gestions des Titres de Transport.csproj", "{ECA8FFD7-1166-4219-9BD5-8B0E93392FE0}"
EndProject
Global
	GlobalSection(SolutionConfigurationPlatforms) = preSolution
		Debug|Any CPU = Debug|Any CPU
		Release|Any CPU = Release|Any CPU
	EndGlobalSection
	GlobalSection(ProjectConfigurationPlatforms) = postSolution
		{ECA8FFD7-1166-4219-9BD5-8B0E93392FE0}.Debug|Any CPU.ActiveCfg = Debug|Any CPU
		{ECA8FFD7-1166-4219-9BD5-8B0E93392FE0}.Debug|Any CPU.Build.0 = Debug|Any CPU
		{ECA8FFD7-1166-4219-9BD5-8B0E93392FE0}.Release|Any CPU.ActiveCfg = Release|Any CPU
		{ECA8FFD7-1166-4219-9BD5-8B0E93392FE0}.Release|Any CPU.Build.0 = Release|Any CPU
	EndGlobalSection
	GlobalSection(SolutionProperties) = preSolution
		HideSolutionNode = FALSE
	EndGlobalSection
	GlobalSection(ExtensibilityGlobals) = postSolution
		SolutionGuid = {97621A1F-E914-4014-9BA4-832FB1CA0FA8}
	EndGlobalSection
EndGlobal
